
Microsoft Visual Studio Solution File, Format Version 12.00
# Visual Studio 2017
Project("{FAE04EC0-301F-11D3-BF4B-00C04F79EFBC}") = "PiouPiou", "PiouPiou.csproj", "{BCE74354-C378-DBF5-307F-F958FA02E5A9}"
EndProject
Project("{FAE04EC0-301F-11D3-BF4B-00C04F79EFBC}") = "PiouPiou.Editor", "PiouPiou.Editor.csproj", "{EF0B2B38-D2E0-D1D1-65E3-4004C25066D9}"
EndProject
Global
	GlobalSection(SolutionConfigurationPlatforms) = preSolution
		Debug|Any CPU = Debug|Any CPU
		Release|Any CPU = Release|Any CPU
	EndGlobalSection
	GlobalSection(ProjectConfigurationPlatforms) = postSolution
		{BCE74354-C378-DBF5-307F-F958FA02E5A9}.Debug|Any CPU.ActiveCfg = Debug|Any CPU
		{BCE74354-C378-DBF5-307F-F958FA02E5A9}.Debug|Any CPU.Build.0 = Debug|Any CPU
		{BCE74354-C378-DBF5-307F-F958FA02E5A9}.Release|Any CPU.ActiveCfg = Release|Any CPU
		{BCE74354-C378-DBF5-307F-F958FA02E5A9}.Release|Any CPU.Build.0 = Release|Any CPU
		{EF0B2B38-D2E0-D1D1-65E3-4004C25066D9}.Debug|Any CPU.ActiveCfg = Debug|Any CPU
		{EF0B2B38-D2E0-D1D1-65E3-4004C25066D9}.Debug|Any CPU.Build.0 = Debug|Any CPU
		{EF0B2B38-D2E0-D1D1-65E3-4004C25066D9}.Release|Any CPU.ActiveCfg = Release|Any CPU
		{EF0B2B38-D2E0-D1D1-65E3-4004C25066D9}.Release|Any CPU.Build.0 = Release|Any CPU
	EndGlobalSection
	GlobalSection(SolutionProperties) = preSolution
		HideSolutionNode = FALSE
	EndGlobalSection
EndGlobal
